
Microsoft Visual Studio Solution File, Format Version 12.00
# Visual Studio Version 17
VisualStudioVersion = 17.7.34018.315
MinimumVisualStudioVersion = 10.0.40219.1
Project("{FAE04EC0-301F-11D3-BF4B-00C04F79EFBC}") = "FinalChallenge", "FinalChallenge\FinalChallenge.csproj", "{81717C94-6682-4EE0-9FE1-B43AC1E761DC}"
EndProject
Global
	GlobalSection(SolutionConfigurationPlatforms) = preSolution
		Debug|Any CPU = Debug|Any CPU
		Release|Any CPU = Release|Any CPU
	EndGlobalSection
	GlobalSection(ProjectConfigurationPlatforms) = postSolution
		{81717C94-6682-4EE0-9FE1-B43AC1E761DC}.Debug|Any CPU.ActiveCfg = Debug|Any CPU
		{81717C94-6682-4EE0-9FE1-B43AC1E761DC}.Debug|Any CPU.Build.0 = Debug|Any CPU
		{81717C94-6682-4EE0-9FE1-B43AC1E761DC}.Release|Any CPU.ActiveCfg = Release|Any CPU
		{81717C94-6682-4EE0-9FE1-B43AC1E761DC}.Release|Any CPU.Build.0 = Release|Any CPU
	EndGlobalSection
	GlobalSection(SolutionProperties) = preSolution
		HideSolutionNode = FALSE
	EndGlobalSection
	GlobalSection(ExtensibilityGlobals) = postSolution
		SolutionGuid = {CE9B4ADC-6D1D-459F-8BD5-3E927AD77C4E}
	EndGlobalSection
EndGlobal
