
Microsoft Visual Studio Solution File, Format Version 12.00
# Visual Studio Version 16
VisualStudioVersion = 16.0.33801.447
MinimumVisualStudioVersion = 10.0.40219.1
Project("{FAE04EC0-301F-11D3-BF4B-00C04F79EFBC}") = "Operators Submission Assignment", "Operators Submission Assignment\Operators Submission Assignment.csproj", "{6E81309C-F694-4B45-8600-06A38AD25825}"
EndProject
Global
	GlobalSection(SolutionConfigurationPlatforms) = preSolution
		Debug|Any CPU = Debug|Any CPU
		Release|Any CPU = Release|Any CPU
	EndGlobalSection
	GlobalSection(ProjectConfigurationPlatforms) = postSolution
		{6E81309C-F694-4B45-8600-06A38AD25825}.Debug|Any CPU.ActiveCfg = Debug|Any CPU
		{6E81309C-F694-4B45-8600-06A38AD25825}.Debug|Any CPU.Build.0 = Debug|Any CPU
		{6E81309C-F694-4B45-8600-06A38AD25825}.Release|Any CPU.ActiveCfg = Release|Any CPU
		{6E81309C-F694-4B45-8600-06A38AD25825}.Release|Any CPU.Build.0 = Release|Any CPU
	EndGlobalSection
	GlobalSection(SolutionProperties) = preSolution
		HideSolutionNode = FALSE
	EndGlobalSection
	GlobalSection(ExtensibilityGlobals) = postSolution
		SolutionGuid = {88E51FB3-BD59-4D1B-BDAD-E68E4E445224}
	EndGlobalSection
EndGlobal
