
Microsoft Visual Studio Solution File, Format Version 12.00
# Visual Studio Version 16
VisualStudioVersion = 16.0.33801.447
MinimumVisualStudioVersion = 10.0.40219.1
Project("{FAE04EC0-301F-11D3-BF4B-00C04F79EFBC}") = "WebApplication4", "WebApplication4\WebApplication4.csproj", "{789B8F2D-4552-4C79-8ABF-0897693BA785}"
EndProject
Global
	GlobalSection(SolutionConfigurationPlatforms) = preSolution
		Debug|Any CPU = Debug|Any CPU
		Release|Any CPU = Release|Any CPU
	EndGlobalSection
	GlobalSection(ProjectConfigurationPlatforms) = postSolution
		{789B8F2D-4552-4C79-8ABF-0897693BA785}.Debug|Any CPU.ActiveCfg = Debug|Any CPU
		{789B8F2D-4552-4C79-8ABF-0897693BA785}.Debug|Any CPU.Build.0 = Debug|Any CPU
		{789B8F2D-4552-4C79-8ABF-0897693BA785}.Release|Any CPU.ActiveCfg = Release|Any CPU
		{789B8F2D-4552-4C79-8ABF-0897693BA785}.Release|Any CPU.Build.0 = Release|Any CPU
	EndGlobalSection
	GlobalSection(SolutionProperties) = preSolution
		HideSolutionNode = FALSE
	EndGlobalSection
	GlobalSection(ExtensibilityGlobals) = postSolution
		SolutionGuid = {908A62F1-9279-441D-B3FA-2F882DD7BF39}
	EndGlobalSection
EndGlobal
