
Microsoft Visual Studio Solution File, Format Version 12.00
# Visual Studio Version 16
VisualStudioVersion = 16.0.33801.447
MinimumVisualStudioVersion = 10.0.40219.1
Project("{FAE04EC0-301F-11D3-BF4B-00C04F79EFBC}") = "HelloWorld", "HelloWorld\HelloWorld.csproj", "{BC66C5F8-D828-4BCB-9247-D535E659A56F}"
EndProject
Global
	GlobalSection(SolutionConfigurationPlatforms) = preSolution
		Debug|Any CPU = Debug|Any CPU
		Release|Any CPU = Release|Any CPU
	EndGlobalSection
	GlobalSection(ProjectConfigurationPlatforms) = postSolution
		{BC66C5F8-D828-4BCB-9247-D535E659A56F}.Debug|Any CPU.ActiveCfg = Debug|Any CPU
		{BC66C5F8-D828-4BCB-9247-D535E659A56F}.Debug|Any CPU.Build.0 = Debug|Any CPU
		{BC66C5F8-D828-4BCB-9247-D535E659A56F}.Release|Any CPU.ActiveCfg = Release|Any CPU
		{BC66C5F8-D828-4BCB-9247-D535E659A56F}.Release|Any CPU.Build.0 = Release|Any CPU
	EndGlobalSection
	GlobalSection(SolutionProperties) = preSolution
		HideSolutionNode = FALSE
	EndGlobalSection
	GlobalSection(ExtensibilityGlobals) = postSolution
		SolutionGuid = {EC5D35F1-289C-425D-80C6-63F6AD647998}
	EndGlobalSection
EndGlobal
