
Microsoft Visual Studio Solution File, Format Version 12.00
# Visual Studio Version 16
VisualStudioVersion = 16.0.33801.447
MinimumVisualStudioVersion = 10.0.40219.1
Project("{FAE04EC0-301F-11D3-BF4B-00C04F79EFBC}") = "Console App Array", "Console App Array\Console App Array.csproj", "{541AF4C5-8742-431B-95F0-D739F5985168}"
EndProject
Global
	GlobalSection(SolutionConfigurationPlatforms) = preSolution
		Debug|Any CPU = Debug|Any CPU
		Release|Any CPU = Release|Any CPU
	EndGlobalSection
	GlobalSection(ProjectConfigurationPlatforms) = postSolution
		{541AF4C5-8742-431B-95F0-D739F5985168}.Debug|Any CPU.ActiveCfg = Debug|Any CPU
		{541AF4C5-8742-431B-95F0-D739F5985168}.Debug|Any CPU.Build.0 = Debug|Any CPU
		{541AF4C5-8742-431B-95F0-D739F5985168}.Release|Any CPU.ActiveCfg = Release|Any CPU
		{541AF4C5-8742-431B-95F0-D739F5985168}.Release|Any CPU.Build.0 = Release|Any CPU
	EndGlobalSection
	GlobalSection(SolutionProperties) = preSolution
		HideSolutionNode = FALSE
	EndGlobalSection
	GlobalSection(ExtensibilityGlobals) = postSolution
		SolutionGuid = {12B2C7B1-F9FE-4047-A448-83025BFCEE24}
	EndGlobalSection
EndGlobal
