
Microsoft Visual Studio Solution File, Format Version 12.00
# Visual Studio Version 16
VisualStudioVersion = 16.0.33801.447
MinimumVisualStudioVersion = 10.0.40219.1
Project("{FAE04EC0-301F-11D3-BF4B-00C04F79EFBC}") = "Input Assignment", "Input Assignment\Input Assignment.csproj", "{D8D495BF-AC47-4A30-B2DC-092EB8DF8982}"
EndProject
Global
	GlobalSection(SolutionConfigurationPlatforms) = preSolution
		Debug|Any CPU = Debug|Any CPU
		Release|Any CPU = Release|Any CPU
	EndGlobalSection
	GlobalSection(ProjectConfigurationPlatforms) = postSolution
		{D8D495BF-AC47-4A30-B2DC-092EB8DF8982}.Debug|Any CPU.ActiveCfg = Debug|Any CPU
		{D8D495BF-AC47-4A30-B2DC-092EB8DF8982}.Debug|Any CPU.Build.0 = Debug|Any CPU
		{D8D495BF-AC47-4A30-B2DC-092EB8DF8982}.Release|Any CPU.ActiveCfg = Release|Any CPU
		{D8D495BF-AC47-4A30-B2DC-092EB8DF8982}.Release|Any CPU.Build.0 = Release|Any CPU
	EndGlobalSection
	GlobalSection(SolutionProperties) = preSolution
		HideSolutionNode = FALSE
	EndGlobalSection
	GlobalSection(ExtensibilityGlobals) = postSolution
		SolutionGuid = {22588694-05A0-4119-9CA1-1A59A86F264D}
	EndGlobalSection
EndGlobal
