
Microsoft Visual Studio Solution File, Format Version 12.00
# Visual Studio Version 16
VisualStudioVersion = 16.0.33801.447
MinimumVisualStudioVersion = 10.0.40219.1
Project("{FAE04EC0-301F-11D3-BF4B-00C04F79EFBC}") = "Lamda Submission", "Lamda Submission\Lamda Submission.csproj", "{E8F28221-6F0F-4D01-9FC5-8C013308F2F8}"
EndProject
Global
	GlobalSection(SolutionConfigurationPlatforms) = preSolution
		Debug|Any CPU = Debug|Any CPU
		Release|Any CPU = Release|Any CPU
	EndGlobalSection
	GlobalSection(ProjectConfigurationPlatforms) = postSolution
		{E8F28221-6F0F-4D01-9FC5-8C013308F2F8}.Debug|Any CPU.ActiveCfg = Debug|Any CPU
		{E8F28221-6F0F-4D01-9FC5-8C013308F2F8}.Debug|Any CPU.Build.0 = Debug|Any CPU
		{E8F28221-6F0F-4D01-9FC5-8C013308F2F8}.Release|Any CPU.ActiveCfg = Release|Any CPU
		{E8F28221-6F0F-4D01-9FC5-8C013308F2F8}.Release|Any CPU.Build.0 = Release|Any CPU
	EndGlobalSection
	GlobalSection(SolutionProperties) = preSolution
		HideSolutionNode = FALSE
	EndGlobalSection
	GlobalSection(ExtensibilityGlobals) = postSolution
		SolutionGuid = {E81AB1E8-CE06-4B12-B5D4-B23E488AE20B}
	EndGlobalSection
EndGlobal
