
Microsoft Visual Studio Solution File, Format Version 12.00
# Visual Studio Version 16
VisualStudioVersion = 16.0.33801.447
MinimumVisualStudioVersion = 10.0.40219.1
Project("{FAE04EC0-301F-11D3-BF4B-00C04F79EFBC}") = "TechAcadStudentsMVC", "TechAcadStudentsMVC\TechAcadStudentsMVC.csproj", "{7C7B4504-F8D0-40CC-86F9-1ADDE833F724}"
EndProject
Global
	GlobalSection(SolutionConfigurationPlatforms) = preSolution
		Debug|Any CPU = Debug|Any CPU
		Release|Any CPU = Release|Any CPU
	EndGlobalSection
	GlobalSection(ProjectConfigurationPlatforms) = postSolution
		{7C7B4504-F8D0-40CC-86F9-1ADDE833F724}.Debug|Any CPU.ActiveCfg = Debug|Any CPU
		{7C7B4504-F8D0-40CC-86F9-1ADDE833F724}.Debug|Any CPU.Build.0 = Debug|Any CPU
		{7C7B4504-F8D0-40CC-86F9-1ADDE833F724}.Release|Any CPU.ActiveCfg = Release|Any CPU
		{7C7B4504-F8D0-40CC-86F9-1ADDE833F724}.Release|Any CPU.Build.0 = Release|Any CPU
	EndGlobalSection
	GlobalSection(SolutionProperties) = preSolution
		HideSolutionNode = FALSE
	EndGlobalSection
	GlobalSection(ExtensibilityGlobals) = postSolution
		SolutionGuid = {6CA03342-2E0C-48CF-863C-D2D1ECA20C93}
	EndGlobalSection
EndGlobal
