
Microsoft Visual Studio Solution File, Format Version 12.00
# Visual Studio Version 16
VisualStudioVersion = 16.0.33801.447
MinimumVisualStudioVersion = 10.0.40219.1
Project("{FAE04EC0-301F-11D3-BF4B-00C04F79EFBC}") = "Struct Assignment", "Struct Assignment\Struct Assignment.csproj", "{B7F5A40F-2A02-43FE-9E3C-DECFE77DFED5}"
EndProject
Global
	GlobalSection(SolutionConfigurationPlatforms) = preSolution
		Debug|Any CPU = Debug|Any CPU
		Release|Any CPU = Release|Any CPU
	EndGlobalSection
	GlobalSection(ProjectConfigurationPlatforms) = postSolution
		{B7F5A40F-2A02-43FE-9E3C-DECFE77DFED5}.Debug|Any CPU.ActiveCfg = Debug|Any CPU
		{B7F5A40F-2A02-43FE-9E3C-DECFE77DFED5}.Debug|Any CPU.Build.0 = Debug|Any CPU
		{B7F5A40F-2A02-43FE-9E3C-DECFE77DFED5}.Release|Any CPU.ActiveCfg = Release|Any CPU
		{B7F5A40F-2A02-43FE-9E3C-DECFE77DFED5}.Release|Any CPU.Build.0 = Release|Any CPU
	EndGlobalSection
	GlobalSection(SolutionProperties) = preSolution
		HideSolutionNode = FALSE
	EndGlobalSection
	GlobalSection(ExtensibilityGlobals) = postSolution
		SolutionGuid = {762D721F-21B6-4872-9DA1-C11C1C470501}
	EndGlobalSection
EndGlobal
