
Microsoft Visual Studio Solution File, Format Version 12.00
# Visual Studio Version 16
VisualStudioVersion = 16.0.33801.447
MinimumVisualStudioVersion = 10.0.40219.1
Project("{FAE04EC0-301F-11D3-BF4B-00C04F79EFBC}") = "Console App Part 1", "Console App Part 1\Console App Part 1.csproj", "{7003A1BE-C411-4E08-83C5-A0583648B1F0}"
EndProject
Global
	GlobalSection(SolutionConfigurationPlatforms) = preSolution
		Debug|Any CPU = Debug|Any CPU
		Release|Any CPU = Release|Any CPU
	EndGlobalSection
	GlobalSection(ProjectConfigurationPlatforms) = postSolution
		{7003A1BE-C411-4E08-83C5-A0583648B1F0}.Debug|Any CPU.ActiveCfg = Debug|Any CPU
		{7003A1BE-C411-4E08-83C5-A0583648B1F0}.Debug|Any CPU.Build.0 = Debug|Any CPU
		{7003A1BE-C411-4E08-83C5-A0583648B1F0}.Release|Any CPU.ActiveCfg = Release|Any CPU
		{7003A1BE-C411-4E08-83C5-A0583648B1F0}.Release|Any CPU.Build.0 = Release|Any CPU
	EndGlobalSection
	GlobalSection(SolutionProperties) = preSolution
		HideSolutionNode = FALSE
	EndGlobalSection
	GlobalSection(ExtensibilityGlobals) = postSolution
		SolutionGuid = {4B121F26-FCE7-404E-BB0C-098167D64AAA}
	EndGlobalSection
EndGlobal
