
Microsoft Visual Studio Solution File, Format Version 12.00
# Visual Studio Version 16
VisualStudioVersion = 16.0.33801.447
MinimumVisualStudioVersion = 10.0.40219.1
Project("{FAE04EC0-301F-11D3-BF4B-00C04F79EFBC}") = "Iteration", "Iteration\Iteration.csproj", "{2A0008D5-A833-47DC-9D5A-227D0149C34E}"
EndProject
Global
	GlobalSection(SolutionConfigurationPlatforms) = preSolution
		Debug|Any CPU = Debug|Any CPU
		Release|Any CPU = Release|Any CPU
	EndGlobalSection
	GlobalSection(ProjectConfigurationPlatforms) = postSolution
		{2A0008D5-A833-47DC-9D5A-227D0149C34E}.Debug|Any CPU.ActiveCfg = Debug|Any CPU
		{2A0008D5-A833-47DC-9D5A-227D0149C34E}.Debug|Any CPU.Build.0 = Debug|Any CPU
		{2A0008D5-A833-47DC-9D5A-227D0149C34E}.Release|Any CPU.ActiveCfg = Release|Any CPU
		{2A0008D5-A833-47DC-9D5A-227D0149C34E}.Release|Any CPU.Build.0 = Release|Any CPU
	EndGlobalSection
	GlobalSection(SolutionProperties) = preSolution
		HideSolutionNode = FALSE
	EndGlobalSection
	GlobalSection(ExtensibilityGlobals) = postSolution
		SolutionGuid = {F7656675-1EA9-434E-9C67-0C0FB2555737}
	EndGlobalSection
EndGlobal
